
Microsoft Visual Studio Solution File, Format Version 12.00
# Visual Studio Version 17
VisualStudioVersion = 17.12.35707.178
MinimumVisualStudioVersion = 10.0.40219.1
Project("{FAE04EC0-301F-11D3-BF4B-00C04F79EFBC}") = "GUI", "SchoolApp\GUI.csproj", "{C1ACC6AE-ADA3-446C-B812-9015C1700C40}"
	ProjectSection(ProjectDependencies) = postProject
		{348E51FA-4B46-4C8A-B06D-B49CC7907B5D} = {348E51FA-4B46-4C8A-B06D-B49CC7907B5D}
		{CDF02EFE-D598-47C3-8D2E-296A12A114DA} = {CDF02EFE-D598-47C3-8D2E-296A12A114DA}
	EndProjectSection
EndProject
Project("{FAE04EC0-301F-11D3-BF4B-00C04F79EFBC}") = "BLL", "BLL\BLL.csproj", "{348E51FA-4B46-4C8A-B06D-B49CC7907B5D}"
EndProject
Project("{FAE04EC0-301F-11D3-BF4B-00C04F79EFBC}") = "DAL", "DAL\DAL.csproj", "{E0248E75-D856-40D8-8230-64203C49E564}"
EndProject
Project("{FAE04EC0-301F-11D3-BF4B-00C04F79EFBC}") = "ENTITIES", "ENTITIES\ENTITIES.csproj", "{CDF02EFE-D598-47C3-8D2E-296A12A114DA}"
EndProject
Global
	GlobalSection(SolutionConfigurationPlatforms) = preSolution
		Debug|Any CPU = Debug|Any CPU
		Release|Any CPU = Release|Any CPU
	EndGlobalSection
	GlobalSection(ProjectConfigurationPlatforms) = postSolution
		{C1ACC6AE-ADA3-446C-B812-9015C1700C40}.Debug|Any CPU.ActiveCfg = Debug|Any CPU
		{C1ACC6AE-ADA3-446C-B812-9015C1700C40}.Debug|Any CPU.Build.0 = Debug|Any CPU
		{C1ACC6AE-ADA3-446C-B812-9015C1700C40}.Release|Any CPU.ActiveCfg = Release|Any CPU
		{C1ACC6AE-ADA3-446C-B812-9015C1700C40}.Release|Any CPU.Build.0 = Release|Any CPU
		{348E51FA-4B46-4C8A-B06D-B49CC7907B5D}.Debug|Any CPU.ActiveCfg = Debug|Any CPU
		{348E51FA-4B46-4C8A-B06D-B49CC7907B5D}.Debug|Any CPU.Build.0 = Debug|Any CPU
		{348E51FA-4B46-4C8A-B06D-B49CC7907B5D}.Release|Any CPU.ActiveCfg = Release|Any CPU
		{348E51FA-4B46-4C8A-B06D-B49CC7907B5D}.Release|Any CPU.Build.0 = Release|Any CPU
		{E0248E75-D856-40D8-8230-64203C49E564}.Debug|Any CPU.ActiveCfg = Debug|Any CPU
		{E0248E75-D856-40D8-8230-64203C49E564}.Debug|Any CPU.Build.0 = Debug|Any CPU
		{E0248E75-D856-40D8-8230-64203C49E564}.Release|Any CPU.ActiveCfg = Release|Any CPU
		{E0248E75-D856-40D8-8230-64203C49E564}.Release|Any CPU.Build.0 = Release|Any CPU
		{CDF02EFE-D598-47C3-8D2E-296A12A114DA}.Debug|Any CPU.ActiveCfg = Debug|Any CPU
		{CDF02EFE-D598-47C3-8D2E-296A12A114DA}.Debug|Any CPU.Build.0 = Debug|Any CPU
		{CDF02EFE-D598-47C3-8D2E-296A12A114DA}.Release|Any CPU.ActiveCfg = Release|Any CPU
		{CDF02EFE-D598-47C3-8D2E-296A12A114DA}.Release|Any CPU.Build.0 = Release|Any CPU
	EndGlobalSection
	GlobalSection(SolutionProperties) = preSolution
		HideSolutionNode = FALSE
	EndGlobalSection
	GlobalSection(ExtensibilityGlobals) = postSolution
		SolutionGuid = {CC2DDE28-21D5-4C78-AC76-7CE845533FDC}
	EndGlobalSection
EndGlobal
